// !$*UTF8*$!
{
	archiveVersion = 1;
	classes = {
	};
	objectVersion = 56;
	objects = {

/* Begin PBXBuildFile section */
		937005042CB66D58009E4936 /* CPFChain-UIKitDynamic in Frameworks */ = {isa = PBXBuildFile; productRef = 937005032CB66D58009E4936 /* CPFChain-UIKitDynamic */; };
		937005052CB66D69009E4936 /* CPFChain-UIKitDynamic in Embed Frameworks */ = {isa = PBXBuildFile; productRef = 937005032CB66D58009E4936 /* CPFChain-UIKitDynamic */; settings = {ATTRIBUTES = (CodeSignOnCopy, ); }; };
		93D462E52A29C54600784A62 /* AppDelegate.swift in Sources */ = {isa = PBXBuildFile; fileRef = 93D462E42A29C54600784A62 /* AppDelegate.swift */; };
		93D462E72A29C54600784A62 /* SceneDelegate.swift in Sources */ = {isa = PBXBuildFile; fileRef = 93D462E62A29C54600784A62 /* SceneDelegate.swift */; };
		93D462E92A29C54600784A62 /* ViewController.swift in Sources */ = {isa = PBXBuildFile; fileRef = 93D462E82A29C54600784A62 /* ViewController.swift */; };
		93D462EC2A29C54600784A62 /* Main.storyboard in Resources */ = {isa = PBXBuildFile; fileRef = 93D462EA2A29C54600784A62 /* Main.storyboard */; };
		93D462EE2A29C54800784A62 /* Assets.xcassets in Resources */ = {isa = PBXBuildFile; fileRef = 93D462ED2A29C54800784A62 /* Assets.xcassets */; };
		93D462F12A29C54800784A62 /* LaunchScreen.storyboard in Resources */ = {isa = PBXBuildFile; fileRef = 93D462EF2A29C54800784A62 /* LaunchScreen.storyboard */; };
		93D462FA2A29C56400784A62 /* CPFChain+UIKit.podspec in Resources */ = {isa = PBXBuildFile; fileRef = 93D462F92A29C56400784A62 /* CPFChain+UIKit.podspec */; };
/* End PBXBuildFile section */

/* Begin PBXCopyFilesBuildPhase section */
		93413A442A29C81000C4E435 /* Embed Frameworks */ = {
			isa = PBXCopyFilesBuildPhase;
			buildActionMask = 2147483647;
			dstPath = "";
			dstSubfolderSpec = 10;
			files = (
				937005052CB66D69009E4936 /* CPFChain-UIKitDynamic in Embed Frameworks */,
			);
			name = "Embed Frameworks";
			runOnlyForDeploymentPostprocessing = 0;
		};
/* End PBXCopyFilesBuildPhase section */

/* Begin PBXFileReference section */
		93D462E12A29C54600784A62 /* Demo.app */ = {isa = PBXFileReference; explicitFileType = wrapper.application; includeInIndex = 0; path = Demo.app; sourceTree = BUILT_PRODUCTS_DIR; };
		93D462E42A29C54600784A62 /* AppDelegate.swift */ = {isa = PBXFileReference; lastKnownFileType = sourcecode.swift; path = AppDelegate.swift; sourceTree = "<group>"; };
		93D462E62A29C54600784A62 /* SceneDelegate.swift */ = {isa = PBXFileReference; lastKnownFileType = sourcecode.swift; path = SceneDelegate.swift; sourceTree = "<group>"; };
		93D462E82A29C54600784A62 /* ViewController.swift */ = {isa = PBXFileReference; lastKnownFileType = sourcecode.swift; path = ViewController.swift; sourceTree = "<group>"; };
		93D462EB2A29C54600784A62 /* Base */ = {isa = PBXFileReference; lastKnownFileType = file.storyboard; name = Base; path = Base.lproj/Main.storyboard; sourceTree = "<group>"; };
		93D462ED2A29C54800784A62 /* Assets.xcassets */ = {isa = PBXFileReference; lastKnownFileType = folder.assetcatalog; path = Assets.xcassets; sourceTree = "<group>"; };
		93D462F02A29C54800784A62 /* Base */ = {isa = PBXFileReference; lastKnownFileType = file.storyboard; name = Base; path = Base.lproj/LaunchScreen.storyboard; sourceTree = "<group>"; };
		93D462F22A29C54800784A62 /* Info.plist */ = {isa = PBXFileReference; lastKnownFileType = text.plist.xml; path = Info.plist; sourceTree = "<group>"; };
		93D462F92A29C56400784A62 /* CPFChain+UIKit.podspec */ = {isa = PBXFileReference; fileEncoding = 4; lastKnownFileType = text; name = "CPFChain+UIKit.podspec"; path = "../../CPFChain+UIKit.podspec"; sourceTree = "<group>"; };
		93D462FC2A29C5B300784A62 /* CPFChain-UIKit */ = {isa = PBXFileReference; lastKnownFileType = wrapper; name = "CPFChain-UIKit"; path = ..; sourceTree = "<group>"; };
/* End PBXFileReference section */

/* Begin PBXFrameworksBuildPhase section */
		93D462DE2A29C54600784A62 /* Frameworks */ = {
			isa = PBXFrameworksBuildPhase;
			buildActionMask = 2147483647;
			files = (
				937005042CB66D58009E4936 /* CPFChain-UIKitDynamic in Frameworks */,
			);
			runOnlyForDeploymentPostprocessing = 0;
		};
/* End PBXFrameworksBuildPhase section */

/* Begin PBXGroup section */
		93413A402A29C81000C4E435 /* Frameworks */ = {
			isa = PBXGroup;
			children = (
			);
			name = Frameworks;
			sourceTree = "<group>";
		};
		93D462D82A29C54600784A62 = {
			isa = PBXGroup;
			children = (
				93D462FB2A29C5B300784A62 /* Packages */,
				93D462F82A29C55700784A62 /* Pod */,
				93D462E32A29C54600784A62 /* Demo */,
				93D462E22A29C54600784A62 /* Products */,
				93413A402A29C81000C4E435 /* Frameworks */,
			);
			sourceTree = "<group>";
		};
		93D462E22A29C54600784A62 /* Products */ = {
			isa = PBXGroup;
			children = (
				93D462E12A29C54600784A62 /* Demo.app */,
			);
			name = Products;
			sourceTree = "<group>";
		};
		93D462E32A29C54600784A62 /* Demo */ = {
			isa = PBXGroup;
			children = (
				93D462E42A29C54600784A62 /* AppDelegate.swift */,
				93D462E62A29C54600784A62 /* SceneDelegate.swift */,
				93D462E82A29C54600784A62 /* ViewController.swift */,
				93D462EA2A29C54600784A62 /* Main.storyboard */,
				93D462ED2A29C54800784A62 /* Assets.xcassets */,
				93D462EF2A29C54800784A62 /* LaunchScreen.storyboard */,
				93D462F22A29C54800784A62 /* Info.plist */,
			);
			path = Demo;
			sourceTree = "<group>";
		};
		93D462F82A29C55700784A62 /* Pod */ = {
			isa = PBXGroup;
			children = (
				93D462F92A29C56400784A62 /* CPFChain+UIKit.podspec */,
			);
			path = Pod;
			sourceTree = "<group>";
		};
		93D462FB2A29C5B300784A62 /* Packages */ = {
			isa = PBXGroup;
			children = (
				93D462FC2A29C5B300784A62 /* CPFChain-UIKit */,
			);
			name = Packages;
			sourceTree = "<group>";
		};
/* End PBXGroup section */

/* Begin PBXNativeTarget section */
		93D462E02A29C54600784A62 /* Demo */ = {
			isa = PBXNativeTarget;
			buildConfigurationList = 93D462F52A29C54800784A62 /* Build configuration list for PBXNativeTarget "Demo" */;
			buildPhases = (
				93D462DD2A29C54600784A62 /* Sources */,
				93D462DE2A29C54600784A62 /* Frameworks */,
				93D462DF2A29C54600784A62 /* Resources */,
				93413A442A29C81000C4E435 /* Embed Frameworks */,
			);
			buildRules = (
			);
			dependencies = (
			);
			name = Demo;
			packageProductDependencies = (
				937005032CB66D58009E4936 /* CPFChain-UIKitDynamic */,
			);
			productName = Demo;
			productReference = 93D462E12A29C54600784A62 /* Demo.app */;
			productType = "com.apple.product-type.application";
		};
/* End PBXNativeTarget section */

/* Begin PBXProject section */
		93D462D92A29C54600784A62 /* Project object */ = {
			isa = PBXProject;
			attributes = {
				BuildIndependentTargetsInParallel = 1;
				LastSwiftUpdateCheck = 1430;
				LastUpgradeCheck = 1430;
				TargetAttributes = {
					93D462E02A29C54600784A62 = {
						CreatedOnToolsVersion = 14.3;
					};
				};
			};
			buildConfigurationList = 93D462DC2A29C54600784A62 /* Build configuration list for PBXProject "Demo" */;
			compatibilityVersion = "Xcode 14.0";
			developmentRegion = en;
			hasScannedForEncodings = 0;
			knownRegions = (
				en,
				Base,
			);
			mainGroup = 93D462D82A29C54600784A62;
			packageReferences = (
			);
			productRefGroup = 93D462E22A29C54600784A62 /* Products */;
			projectDirPath = "";
			projectRoot = "";
			targets = (
				93D462E02A29C54600784A62 /* Demo */,
			);
		};
/* End PBXProject section */

/* Begin PBXResourcesBuildPhase section */
		93D462DF2A29C54600784A62 /* Resources */ = {
			isa = PBXResourcesBuildPhase;
			buildActionMask = 2147483647;
			files = (
				93D462F12A29C54800784A62 /* LaunchScreen.storyboard in Resources */,
				93D462EE2A29C54800784A62 /* Assets.xcassets in Resources */,
				93D462EC2A29C54600784A62 /* Main.storyboard in Resources */,
				93D462FA2A29C56400784A62 /* CPFChain+UIKit.podspec in Resources */,
			);
			runOnlyForDeploymentPostprocessing = 0;
		};
/* End PBXResourcesBuildPhase section */

/* Begin PBXSourcesBuildPhase section */
		93D462DD2A29C54600784A62 /* Sources */ = {
			isa = PBXSourcesBuildPhase;
			buildActionMask = 2147483647;
			files = (
				93D462E92A29C54600784A62 /* ViewController.swift in Sources */,
				93D462E52A29C54600784A62 /* AppDelegate.swift in Sources */,
				93D462E72A29C54600784A62 /* SceneDelegate.swift in Sources */,
			);
			runOnlyForDeploymentPostprocessing = 0;
		};
/* End PBXSourcesBuildPhase section */

/* Begin PBXVariantGroup section */
		93D462EA2A29C54600784A62 /* Main.storyboard */ = {
			isa = PBXVariantGroup;
			children = (
				93D462EB2A29C54600784A62 /* Base */,
			);
			name = Main.storyboard;
			sourceTree = "<group>";
		};
		93D462EF2A29C54800784A62 /* LaunchScreen.storyboard */ = {
			isa = PBXVariantGroup;
			children = (
				93D462F02A29C54800784A62 /* Base */,
			);
			name = LaunchScreen.storyboard;
			sourceTree = "<group>";
		};
/* End PBXVariantGroup section */

/* Begin XCBuildConfiguration section */
		93D462F32A29C54800784A62 /* Debug */ = {
			isa = XCBuildConfiguration;
			buildSettings = {
				ALWAYS_SEARCH_USER_PATHS = NO;
				CLANG_ANALYZER_NONNULL = YES;
				CLANG_ANALYZER_NUMBER_OBJECT_CONVERSION = YES_AGGRESSIVE;
				CLANG_CXX_LANGUAGE_STANDARD = "gnu++20";
				CLANG_ENABLE_MODULES = YES;
				CLANG_ENABLE_OBJC_ARC = YES;
				CLANG_ENABLE_OBJC_WEAK = YES;
				CLANG_WARN_BLOCK_CAPTURE_AUTORELEASING = YES;
				CLANG_WARN_BOOL_CONVERSION = YES;
				CLANG_WARN_COMMA = YES;
				CLANG_WARN_CONSTANT_CONVERSION = YES;
				CLANG_WARN_DEPRECATED_OBJC_IMPLEMENTATIONS = YES;
				CLANG_WARN_DIRECT_OBJC_ISA_USAGE = YES_ERROR;
				CLANG_WARN_DOCUMENTATION_COMMENTS = YES;
				CLANG_WARN_EMPTY_BODY = YES;
				CLANG_WARN_ENUM_CONVERSION = YES;
				CLANG_WARN_INFINITE_RECURSION = YES;
				CLANG_WARN_INT_CONVERSION = YES;
				CLANG_WARN_NON_LITERAL_NULL_CONVERSION = YES;
				CLANG_WARN_OBJC_IMPLICIT_RETAIN_SELF = YES;
				CLANG_WARN_OBJC_LITERAL_CONVERSION = YES;
				CLANG_WARN_OBJC_ROOT_CLASS = YES_ERROR;
				CLANG_WARN_QUOTED_INCLUDE_IN_FRAMEWORK_HEADER = YES;
				CLANG_WARN_RANGE_LOOP_ANALYSIS = YES;
				CLANG_WARN_STRICT_PROTOTYPES = YES;
				CLANG_WARN_SUSPICIOUS_MOVE = YES;
				CLANG_WARN_UNGUARDED_AVAILABILITY = YES_AGGRESSIVE;
				CLANG_WARN_UNREACHABLE_CODE = YES;
				CLANG_WARN__DUPLICATE_METHOD_MATCH = YES;
				COPY_PHASE_STRIP = NO;
				DEBUG_INFORMATION_FORMAT = dwarf;
				ENABLE_STRICT_OBJC_MSGSEND = YES;
				ENABLE_TESTABILITY = YES;
				GCC_C_LANGUAGE_STANDARD = gnu11;
				GCC_DYNAMIC_NO_PIC = NO;
				GCC_NO_COMMON_BLOCKS = YES;
				GCC_OPTIMIZATION_LEVEL = 0;
				GCC_PREPROCESSOR_DEFINITIONS = (
					"DEBUG=1",
					"$(inherited)",
				);
				GCC_WARN_64_TO_32_BIT_CONVERSION = YES;
				GCC_WARN_ABOUT_RETURN_TYPE = YES_ERROR;
				GCC_WARN_UNDECLARED_SELECTOR = YES;
				GCC_WARN_UNINITIALIZED_AUTOS = YES_AGGRESSIVE;
				GCC_WARN_UNUSED_FUNCTION = YES;
				GCC_WARN_UNUSED_VARIABLE = YES;
				IPHONEOS_DEPLOYMENT_TARGET = 16.4;
				MTL_ENABLE_DEBUG_INFO = INCLUDE_SOURCE;
				MTL_FAST_MATH = YES;
				ONLY_ACTIVE_ARCH = YES;
				SDKROOT = iphoneos;
				SWIFT_ACTIVE_COMPILATION_CONDITIONS = DEBUG;
				SWIFT_OPTIMIZATION_LEVEL = "-Onone";
			};
			name = Debug;
		};
		93D462F42A29C54800784A62 /* Release */ = {
			isa = XCBuildConfiguration;
			buildSettings = {
				ALWAYS_SEARCH_USER_PATHS = NO;
				CLANG_ANALYZER_NONNULL = YES;
				CLANG_ANALYZER_NUMBER_OBJECT_CONVERSION = YES_AGGRESSIVE;
				CLANG_CXX_LANGUAGE_STANDARD = "gnu++20";
				CLANG_ENABLE_MODULES = YES;
				CLANG_ENABLE_OBJC_ARC = YES;
				CLANG_ENABLE_OBJC_WEAK = YES;
				CLANG_WARN_BLOCK_CAPTURE_AUTORELEASING = YES;
				CLANG_WARN_BOOL_CONVERSION = YES;
				CLANG_WARN_COMMA = YES;
				CLANG_WARN_CONSTANT_CONVERSION = YES;
				CLANG_WARN_DEPRECATED_OBJC_IMPLEMENTATIONS = YES;
				CLANG_WARN_DIRECT_OBJC_ISA_USAGE = YES_ERROR;
				CLANG_WARN_DOCUMENTATION_COMMENTS = YES;
				CLANG_WARN_EMPTY_BODY = YES;
				CLANG_WARN_ENUM_CONVERSION = YES;
				CLANG_WARN_INFINITE_RECURSION = YES;
				CLANG_WARN_INT_CONVERSION = YES;
				CLANG_WARN_NON_LITERAL_NULL_CONVERSION = YES;
				CLANG_WARN_OBJC_IMPLICIT_RETAIN_SELF = YES;
				CLANG_WARN_OBJC_LITERAL_CONVERSION = YES;
				CLANG_WARN_OBJC_ROOT_CLASS = YES_ERROR;
				CLANG_WARN_QUOTED_INCLUDE_IN_FRAMEWORK_HEADER = YES;
				CLANG_WARN_RANGE_LOOP_ANALYSIS = YES;
				CLANG_WARN_STRICT_PROTOTYPES = YES;
				CLANG_WARN_SUSPICIOUS_MOVE = YES;
				CLANG_WARN_UNGUARDED_AVAILABILITY = YES_AGGRESSIVE;
				CLANG_WARN_UNREACHABLE_CODE = YES;
				CLANG_WARN__DUPLICATE_METHOD_MATCH = YES;
				COPY_PHASE_STRIP = NO;
				DEBUG_INFORMATION_FORMAT = "dwarf-with-dsym";
				ENABLE_NS_ASSERTIONS = NO;
				ENABLE_STRICT_OBJC_MSGSEND = YES;
				GCC_C_LANGUAGE_STANDARD = gnu11;
				GCC_NO_COMMON_BLOCKS = YES;
				GCC_WARN_64_TO_32_BIT_CONVERSION = YES;
				GCC_WARN_ABOUT_RETURN_TYPE = YES_ERROR;
				GCC_WARN_UNDECLARED_SELECTOR = YES;
				GCC_WARN_UNINITIALIZED_AUTOS = YES_AGGRESSIVE;
				GCC_WARN_UNUSED_FUNCTION = YES;
				GCC_WARN_UNUSED_VARIABLE = YES;
				IPHONEOS_DEPLOYMENT_TARGET = 16.4;
				MTL_ENABLE_DEBUG_INFO = NO;
				MTL_FAST_MATH = YES;
				SDKROOT = iphoneos;
				SWIFT_COMPILATION_MODE = wholemodule;
				SWIFT_OPTIMIZATION_LEVEL = "-O";
				VALIDATE_PRODUCT = YES;
			};
			name = Release;
		};
		93D462F62A29C54800784A62 /* Debug */ = {
			isa = XCBuildConfiguration;
			buildSettings = {
				ASSETCATALOG_COMPILER_APPICON_NAME = AppIcon;
				ASSETCATALOG_COMPILER_GLOBAL_ACCENT_COLOR_NAME = AccentColor;
				CODE_SIGN_STYLE = Automatic;
				CURRENT_PROJECT_VERSION = 1;
				DEVELOPMENT_TEAM = 628CHGGHXP;
				GENERATE_INFOPLIST_FILE = YES;
				INFOPLIST_FILE = Demo/Info.plist;
				INFOPLIST_KEY_UIApplicationSupportsIndirectInputEvents = YES;
				INFOPLIST_KEY_UILaunchStoryboardName = LaunchScreen;
				INFOPLIST_KEY_UIMainStoryboardFile = Main;
				INFOPLIST_KEY_UISupportedInterfaceOrientations_iPad = "UIInterfaceOrientationPortrait UIInterfaceOrientationPortraitUpsideDown UIInterfaceOrientationLandscapeLeft UIInterfaceOrientationLandscapeRight";
				INFOPLIST_KEY_UISupportedInterfaceOrientations_iPhone = "UIInterfaceOrientationPortrait UIInterfaceOrientationLandscapeLeft UIInterfaceOrientationLandscapeRight";
				IPHONEOS_DEPLOYMENT_TARGET = 15.6;
				LD_RUNPATH_SEARCH_PATHS = (
					"$(inherited)",
					"@executable_path/Frameworks",
				);
				MARKETING_VERSION = 1.0;
				PRODUCT_BUNDLE_IDENTIFIER = com.aaron.components.Demo;
				PRODUCT_NAME = "$(TARGET_NAME)";
				SWIFT_EMIT_LOC_STRINGS = YES;
				SWIFT_VERSION = 5.0;
				TARGETED_DEVICE_FAMILY = "1,2";
			};
			name = Debug;
		};
		93D462F72A29C54800784A62 /* Release */ = {
			isa = XCBuildConfiguration;
			buildSettings = {
				ASSETCATALOG_COMPILER_APPICON_NAME = AppIcon;
				ASSETCATALOG_COMPILER_GLOBAL_ACCENT_COLOR_NAME = AccentColor;
				CODE_SIGN_STYLE = Automatic;
				CURRENT_PROJECT_VERSION = 1;
				DEVELOPMENT_TEAM = 628CHGGHXP;
				GENERATE_INFOPLIST_FILE = YES;
				INFOPLIST_FILE = Demo/Info.plist;
				INFOPLIST_KEY_UIApplicationSupportsIndirectInputEvents = YES;
				INFOPLIST_KEY_UILaunchStoryboardName = LaunchScreen;
				INFOPLIST_KEY_UIMainStoryboardFile = Main;
				INFOPLIST_KEY_UISupportedInterfaceOrientations_iPad = "UIInterfaceOrientationPortrait UIInterfaceOrientationPortraitUpsideDown UIInterfaceOrientationLandscapeLeft UIInterfaceOrientationLandscapeRight";
				INFOPLIST_KEY_UISupportedInterfaceOrientations_iPhone = "UIInterfaceOrientationPortrait UIInterfaceOrientationLandscapeLeft UIInterfaceOrientationLandscapeRight";
				IPHONEOS_DEPLOYMENT_TARGET = 15.6;
				LD_RUNPATH_SEARCH_PATHS = (
					"$(inherited)",
					"@executable_path/Frameworks",
				);
				MARKETING_VERSION = 1.0;
				PRODUCT_BUNDLE_IDENTIFIER = com.aaron.components.Demo;
				PRODUCT_NAME = "$(TARGET_NAME)";
				SWIFT_EMIT_LOC_STRINGS = YES;
				SWIFT_VERSION = 5.0;
				TARGETED_DEVICE_FAMILY = "1,2";
			};
			name = Release;
		};
/* End XCBuildConfiguration section */

/* Begin XCConfigurationList section */
		93D462DC2A29C54600784A62 /* Build configuration list for PBXProject "Demo" */ = {
			isa = XCConfigurationList;
			buildConfigurations = (
				93D462F32A29C54800784A62 /* Debug */,
				93D462F42A29C54800784A62 /* Release */,
			);
			defaultConfigurationIsVisible = 0;
			defaultConfigurationName = Release;
		};
		93D462F52A29C54800784A62 /* Build configuration list for PBXNativeTarget "Demo" */ = {
			isa = XCConfigurationList;
			buildConfigurations = (
				93D462F62A29C54800784A62 /* Debug */,
				93D462F72A29C54800784A62 /* Release */,
			);
			defaultConfigurationIsVisible = 0;
			defaultConfigurationName = Release;
		};
/* End XCConfigurationList section */

/* Begin XCSwiftPackageProductDependency section */
		937005032CB66D58009E4936 /* CPFChain-UIKitDynamic */ = {
			isa = XCSwiftPackageProductDependency;
			productName = "CPFChain-UIKitDynamic";
		};
/* End XCSwiftPackageProductDependency section */
	};
	rootObject = 93D462D92A29C54600784A62 /* Project object */;
}
